
Microsoft Visual Studio Solution File, Format Version 12.00
# Visual Studio Version 16
VisualStudioVersion = 16.0.30204.135
MinimumVisualStudioVersion = 10.0.40219.1
Project("{2150E333-8FDC-42A3-9474-1A3956D46DE8}") = "Microservices", "Microservices", "{87F72CE1-4202-42BC-B103-3810652924E5}"
EndProject
Project("{2150E333-8FDC-42A3-9474-1A3956D46DE8}") = "Domain", "Domain", "{0C10C6F2-538C-4F1C-AA4E-B00F1EDF49EE}"
EndProject
Project("{2150E333-8FDC-42A3-9474-1A3956D46DE8}") = "Infra.Bus", "Infra.Bus", "{78845FC4-7A09-4A3E-A8D9-EDC72DEED1F7}"
EndProject
Project("{2150E333-8FDC-42A3-9474-1A3956D46DE8}") = "Infra.IoC", "Infra.IoC", "{8337D6D4-CA31-4763-83FC-1CF2091D60B8}"
EndProject
Project("{2150E333-8FDC-42A3-9474-1A3956D46DE8}") = "Presentation", "Presentation", "{64CD243F-F105-441D-8134-B27A7B4B77E0}"
EndProject
Project("{FAE04EC0-301F-11D3-BF4B-00C04F79EFBC}") = "RabbitmqMicroservices.Domain.Core", "RabbitmqMicroservices.Domain.Core\RabbitmqMicroservices.Domain.Core.csproj", "{6E4595F4-9012-459C-BC2C-A0EEDDDEA5BB}"
EndProject
Project("{FAE04EC0-301F-11D3-BF4B-00C04F79EFBC}") = "RabbitmqMicroservices.Microservices.Core", "RabbitmqMicroservices.Microservices.Core\RabbitmqMicroservices.Microservices.Core.csproj", "{792B95A5-E6A8-4FFC-901B-D7493F61275F}"
EndProject
Global
	GlobalSection(SolutionConfigurationPlatforms) = preSolution
		Debug|Any CPU = Debug|Any CPU
		Release|Any CPU = Release|Any CPU
	EndGlobalSection
	GlobalSection(ProjectConfigurationPlatforms) = postSolution
		{6E4595F4-9012-459C-BC2C-A0EEDDDEA5BB}.Debug|Any CPU.ActiveCfg = Debug|Any CPU
		{6E4595F4-9012-459C-BC2C-A0EEDDDEA5BB}.Debug|Any CPU.Build.0 = Debug|Any CPU
		{6E4595F4-9012-459C-BC2C-A0EEDDDEA5BB}.Release|Any CPU.ActiveCfg = Release|Any CPU
		{6E4595F4-9012-459C-BC2C-A0EEDDDEA5BB}.Release|Any CPU.Build.0 = Release|Any CPU
		{792B95A5-E6A8-4FFC-901B-D7493F61275F}.Debug|Any CPU.ActiveCfg = Debug|Any CPU
		{792B95A5-E6A8-4FFC-901B-D7493F61275F}.Debug|Any CPU.Build.0 = Debug|Any CPU
		{792B95A5-E6A8-4FFC-901B-D7493F61275F}.Release|Any CPU.ActiveCfg = Release|Any CPU
		{792B95A5-E6A8-4FFC-901B-D7493F61275F}.Release|Any CPU.Build.0 = Release|Any CPU
	EndGlobalSection
	GlobalSection(SolutionProperties) = preSolution
		HideSolutionNode = FALSE
	EndGlobalSection
	GlobalSection(NestedProjects) = preSolution
		{6E4595F4-9012-459C-BC2C-A0EEDDDEA5BB} = {0C10C6F2-538C-4F1C-AA4E-B00F1EDF49EE}
		{792B95A5-E6A8-4FFC-901B-D7493F61275F} = {87F72CE1-4202-42BC-B103-3810652924E5}
	EndGlobalSection
	GlobalSection(ExtensibilityGlobals) = postSolution
		SolutionGuid = {4989274E-11DC-4D63-AFF2-FC4E00DE4741}
	EndGlobalSection
EndGlobal
